
Microsoft Visual Studio Solution File, Format Version 12.00
# Visual Studio Version 17
VisualStudioVersion = 17.2.32526.322
MinimumVisualStudioVersion = 10.0.40219.1
Project("{FAE04EC0-301F-11D3-BF4B-00C04F79EFBC}") = "eTickets", "eTickets\eTickets.csproj", "{42D254C8-A5BA-4411-A91F-67044A7397DA}"
EndProject
Global
	GlobalSection(SolutionConfigurationPlatforms) = preSolution
		Debug|Any CPU = Debug|Any CPU
		Release|Any CPU = Release|Any CPU
	EndGlobalSection
	GlobalSection(ProjectConfigurationPlatforms) = postSolution
		{42D254C8-A5BA-4411-A91F-67044A7397DA}.Debug|Any CPU.ActiveCfg = Debug|Any CPU
		{42D254C8-A5BA-4411-A91F-67044A7397DA}.Debug|Any CPU.Build.0 = Debug|Any CPU
		{42D254C8-A5BA-4411-A91F-67044A7397DA}.Release|Any CPU.ActiveCfg = Release|Any CPU
		{42D254C8-A5BA-4411-A91F-67044A7397DA}.Release|Any CPU.Build.0 = Release|Any CPU
	EndGlobalSection
	GlobalSection(SolutionProperties) = preSolution
		HideSolutionNode = FALSE
	EndGlobalSection
	GlobalSection(ExtensibilityGlobals) = postSolution
		SolutionGuid = {8F9819D2-084D-47C8-8A81-CA89E22F8AE8}
	EndGlobalSection
EndGlobal
